
Microsoft Visual Studio Solution File, Format Version 12.00
# Visual Studio Version 17
VisualStudioVersion = 17.3.32901.215
MinimumVisualStudioVersion = 10.0.40219.1
Project("{FAE04EC0-301F-11D3-BF4B-00C04F79EFBC}") = "DemoConsoAPI", "DemoConsoAPI\DemoConsoAPI.csproj", "{90194E7C-30C0-4AEC-82AF-8DC8AC90064F}"
EndProject
Global
	GlobalSection(SolutionConfigurationPlatforms) = preSolution
		Debug|Any CPU = Debug|Any CPU
		Release|Any CPU = Release|Any CPU
	EndGlobalSection
	GlobalSection(ProjectConfigurationPlatforms) = postSolution
		{90194E7C-30C0-4AEC-82AF-8DC8AC90064F}.Debug|Any CPU.ActiveCfg = Debug|Any CPU
		{90194E7C-30C0-4AEC-82AF-8DC8AC90064F}.Debug|Any CPU.Build.0 = Debug|Any CPU
		{90194E7C-30C0-4AEC-82AF-8DC8AC90064F}.Release|Any CPU.ActiveCfg = Release|Any CPU
		{90194E7C-30C0-4AEC-82AF-8DC8AC90064F}.Release|Any CPU.Build.0 = Release|Any CPU
	EndGlobalSection
	GlobalSection(SolutionProperties) = preSolution
		HideSolutionNode = FALSE
	EndGlobalSection
	GlobalSection(ExtensibilityGlobals) = postSolution
		SolutionGuid = {9C743618-6E88-4838-956D-C74715064354}
	EndGlobalSection
EndGlobal
